
Microsoft Visual Studio Solution File, Format Version 12.00
# Visual Studio Version 17
VisualStudioVersion = 17.13.35806.99 d17.13
MinimumVisualStudioVersion = 10.0.40219.1
Project("{FAE04EC0-301F-11D3-BF4B-00C04F79EFBC}") = "GroceerLKS", "GroceerLKS\GroceerLKS.csproj", "{7D1E3B52-EF24-46DC-BEB7-E188B3E6E851}"
EndProject
Global
	GlobalSection(SolutionConfigurationPlatforms) = preSolution
		Debug|Any CPU = Debug|Any CPU
		Release|Any CPU = Release|Any CPU
	EndGlobalSection
	GlobalSection(ProjectConfigurationPlatforms) = postSolution
		{7D1E3B52-EF24-46DC-BEB7-E188B3E6E851}.Debug|Any CPU.ActiveCfg = Debug|Any CPU
		{7D1E3B52-EF24-46DC-BEB7-E188B3E6E851}.Debug|Any CPU.Build.0 = Debug|Any CPU
		{7D1E3B52-EF24-46DC-BEB7-E188B3E6E851}.Release|Any CPU.ActiveCfg = Release|Any CPU
		{7D1E3B52-EF24-46DC-BEB7-E188B3E6E851}.Release|Any CPU.Build.0 = Release|Any CPU
	EndGlobalSection
	GlobalSection(SolutionProperties) = preSolution
		HideSolutionNode = FALSE
	EndGlobalSection
	GlobalSection(ExtensibilityGlobals) = postSolution
		SolutionGuid = {A3EB8791-87B1-4DC7-87FB-2C82A26D1EE2}
	EndGlobalSection
EndGlobal
